
Microsoft Visual Studio Solution File, Format Version 12.00
# Visual Studio Version 16
VisualStudioVersion = 25.0.1706.1
MinimumVisualStudioVersion = 10.0.40219.1
Project("{FAE04EC0-301F-11D3-BF4B-00C04F79EFBC}") = "weeURL", "weeURL\weeURL.csproj", "{5E071682-DA36-48B8-8788-7BEAEC91A7B1}"
EndProject
Global
	GlobalSection(SolutionConfigurationPlatforms) = preSolution
		Debug|Any CPU = Debug|Any CPU
		Release|Any CPU = Release|Any CPU
	EndGlobalSection
	GlobalSection(ProjectConfigurationPlatforms) = postSolution
		{5E071682-DA36-48B8-8788-7BEAEC91A7B1}.Debug|Any CPU.ActiveCfg = Debug|Any CPU
		{5E071682-DA36-48B8-8788-7BEAEC91A7B1}.Debug|Any CPU.Build.0 = Debug|Any CPU
		{5E071682-DA36-48B8-8788-7BEAEC91A7B1}.Release|Any CPU.ActiveCfg = Release|Any CPU
		{5E071682-DA36-48B8-8788-7BEAEC91A7B1}.Release|Any CPU.Build.0 = Release|Any CPU
	EndGlobalSection
	GlobalSection(SolutionProperties) = preSolution
		HideSolutionNode = FALSE
	EndGlobalSection
	GlobalSection(ExtensibilityGlobals) = postSolution
		SolutionGuid = {29E13A4C-D9D8-4511-B97F-0424017DED0C}
	EndGlobalSection
EndGlobal
